
Microsoft Visual Studio Solution File, Format Version 12.00
# Visual Studio Version 17
VisualStudioVersion = 17.4.33122.133
MinimumVisualStudioVersion = 10.0.40219.1
Project("{FAE04EC0-301F-11D3-BF4B-00C04F79EFBC}") = "MonitorProcess", "MonitorProcess\MonitorProcess.csproj", "{DC0BAAD6-5707-47A8-AEF3-5B111207681A}"
EndProject
Global
	GlobalSection(SolutionConfigurationPlatforms) = preSolution
		Debug|Any CPU = Debug|Any CPU
		Release|Any CPU = Release|Any CPU
	EndGlobalSection
	GlobalSection(ProjectConfigurationPlatforms) = postSolution
		{DC0BAAD6-5707-47A8-AEF3-5B111207681A}.Debug|Any CPU.ActiveCfg = Debug|Any CPU
		{DC0BAAD6-5707-47A8-AEF3-5B111207681A}.Debug|Any CPU.Build.0 = Debug|Any CPU
		{DC0BAAD6-5707-47A8-AEF3-5B111207681A}.Release|Any CPU.ActiveCfg = Release|Any CPU
		{DC0BAAD6-5707-47A8-AEF3-5B111207681A}.Release|Any CPU.Build.0 = Release|Any CPU
	EndGlobalSection
	GlobalSection(SolutionProperties) = preSolution
		HideSolutionNode = FALSE
	EndGlobalSection
	GlobalSection(ExtensibilityGlobals) = postSolution
		SolutionGuid = {380B8F76-6B1C-45CA-BF26-6A3AE75D1CF5}
	EndGlobalSection
EndGlobal
